// !$*UTF8*$!
{archiveVersion = 1; classes = {}; objectVersion = 56; objects = {
000000000000000000000001 = {isa = PBXProject; attributes = {LastUpgradeCheck = 1600;}; buildConfigurationList = 000000000000000000000002; compatibilityVersion = "Xcode 14.0"; developmentRegion = en; knownRegions = (en, Base); mainGroup = 000000000000000000000003; productRefGroup = 000000000000000000000004; projectDirPath = ""; projectRoot = ""; targets = (000000000000000000000005); packageReferences = (000000000000000000000014);};
000000000000000000000002 = {isa = XCConfigurationList; buildConfigurations = (000000000000000000000006, 000000000000000000000007); defaultConfigurationIsVisible = 0; defaultConfigurationName = Release;};
000000000000000000000003 = {isa = PBXGroup; children = (000000000000000000000017, 000000000000000000000008, 000000000000000000000004); sourceTree = "<group>";};
000000000000000000000004 = {isa = PBXGroup; children = (000000000000000000000009); name = Products; sourceTree = "<group>";};
000000000000000000000005 = {isa = PBXNativeTarget; buildConfigurationList = 00000000000000000000000A; buildPhases = (00000000000000000000000B, 00000000000000000000000C, 00000000000000000000000D); buildRules = (); dependencies = (); name = MyHub; packageProductDependencies = (000000000000000000000015); productName = MyHub; productReference = 000000000000000000000009; productType = "com.apple.product-type.application";};
000000000000000000000006 = {isa = XCBuildConfiguration; buildSettings = {SDKROOT = iphoneos; IPHONEOS_DEPLOYMENT_TARGET = 17.0; SWIFT_VERSION = 5.0;}; name = Debug;};
000000000000000000000007 = {isa = XCBuildConfiguration; buildSettings = {SDKROOT = iphoneos; IPHONEOS_DEPLOYMENT_TARGET = 17.0; SWIFT_VERSION = 5.0;}; name = Release;};
000000000000000000000008 = {isa = PBXFileReference; lastKnownFileType = sourcecode.swift; path = App/MyHubApp.swift; sourceTree = "<group>";};
000000000000000000000009 = {isa = PBXFileReference; explicitFileType = wrapper.application; includeInIndex = 0; path = MyHub.app; sourceTree = BUILT_PRODUCTS_DIR;};
00000000000000000000000A = {isa = XCConfigurationList; buildConfigurations = (00000000000000000000000E, 00000000000000000000000F); defaultConfigurationIsVisible = 0; defaultConfigurationName = Release;};
00000000000000000000000B = {isa = PBXSourcesBuildPhase; buildActionMask = 2147483647; files = (000000000000000000000010, 000000000000000000000018); runOnlyForDeploymentPostprocessing = 0;};
00000000000000000000000C = {isa = PBXFrameworksBuildPhase; buildActionMask = 2147483647; files = (000000000000000000000016); runOnlyForDeploymentPostprocessing = 0;};
00000000000000000000000D = {isa = PBXResourcesBuildPhase; buildActionMask = 2147483647; files = (); runOnlyForDeploymentPostprocessing = 0;};
00000000000000000000000E = {isa = XCBuildConfiguration; buildSettings = {PRODUCT_BUNDLE_IDENTIFIER = com.myhub.prototype; PRODUCT_NAME = "$(TARGET_NAME)"; GENERATE_INFOPLIST_FILE = YES; INFOPLIST_KEY_UILaunchScreen_Generation = YES; INFOPLIST_KEY_UIApplicationSceneManifest_Generation = YES; TARGETED_DEVICE_FAMILY = "1,2"; MARKETING_VERSION = 0.1.0; CURRENT_PROJECT_VERSION = 1; CODE_SIGN_STYLE = Automatic; SWIFT_EMIT_LOC_STRINGS = YES;}; name = Debug;};
00000000000000000000000F = {isa = XCBuildConfiguration; buildSettings = {PRODUCT_BUNDLE_IDENTIFIER = com.myhub.prototype; PRODUCT_NAME = "$(TARGET_NAME)"; GENERATE_INFOPLIST_FILE = YES; INFOPLIST_KEY_UILaunchScreen_Generation = YES; INFOPLIST_KEY_UIApplicationSceneManifest_Generation = YES; TARGETED_DEVICE_FAMILY = "1,2"; MARKETING_VERSION = 0.1.0; CURRENT_PROJECT_VERSION = 1; CODE_SIGN_STYLE = Automatic; SWIFT_EMIT_LOC_STRINGS = YES;}; name = Release;};
000000000000000000000010 = {isa = PBXBuildFile; fileRef = 000000000000000000000008;};
000000000000000000000014 = {isa = XCLocalSwiftPackageReference; relativePath = MyHubCore;};
000000000000000000000015 = {isa = XCSwiftPackageProductDependency; package = 000000000000000000000014; productName = MyHubCore;};
000000000000000000000016 = {isa = PBXBuildFile; productRef = 000000000000000000000015;};
000000000000000000000017 = {isa = PBXFileReference; lastKnownFileType = sourcecode.swift; path = App/CalendarViews.swift; sourceTree = "<group>";};
000000000000000000000018 = {isa = PBXBuildFile; fileRef = 000000000000000000000017;};
}; rootObject = 000000000000000000000001; }
